
Microsoft Visual Studio Solution File, Format Version 12.00
# Visual Studio Version 16
VisualStudioVersion = 16.0.30517.126
MinimumVisualStudioVersion = 10.0.40219.1
Project("{FAE04EC0-301F-11D3-BF4B-00C04F79EFBC}") = "СuttingPlan", "СuttingPlan\СuttingPlan.csproj", "{E5154DB4-6992-4789-8D64-5E500F95FE67}"
EndProject
Global
	GlobalSection(SolutionConfigurationPlatforms) = preSolution
		Debug|Any CPU = Debug|Any CPU
		Release|Any CPU = Release|Any CPU
	EndGlobalSection
	GlobalSection(ProjectConfigurationPlatforms) = postSolution
		{E5154DB4-6992-4789-8D64-5E500F95FE67}.Debug|Any CPU.ActiveCfg = Debug|Any CPU
		{E5154DB4-6992-4789-8D64-5E500F95FE67}.Debug|Any CPU.Build.0 = Debug|Any CPU
		{E5154DB4-6992-4789-8D64-5E500F95FE67}.Release|Any CPU.ActiveCfg = Release|Any CPU
		{E5154DB4-6992-4789-8D64-5E500F95FE67}.Release|Any CPU.Build.0 = Release|Any CPU
	EndGlobalSection
	GlobalSection(SolutionProperties) = preSolution
		HideSolutionNode = FALSE
	EndGlobalSection
	GlobalSection(ExtensibilityGlobals) = postSolution
		SolutionGuid = {3D16B808-46A4-452B-BF23-57035CC4D72B}
	EndGlobalSection
EndGlobal
